// !$*UTF8*$!
{
	archiveVersion = 1;
	classes = {
	};
	objectVersion = 46;
	objects = {

/* Begin PBXBuildFile section */
		D1960D731DAEE00D00172893 /* TestCell.swift in Sources */ = {isa = PBXBuildFile; fileRef = D1960D721DAEE00D00172893 /* TestCell.swift */; };
		D1960D761DAEE14B00172893 /* ViewController3.swift in Sources */ = {isa = PBXBuildFile; fileRef = D1960D751DAEE14B00172893 /* ViewController3.swift */; };
		D1960D781DAEE15300172893 /* ViewController4.swift in Sources */ = {isa = PBXBuildFile; fileRef = D1960D771DAEE15300172893 /* ViewController4.swift */; };
		D1960D7A1DAEE37600172893 /* TestTextFieldCell.swift in Sources */ = {isa = PBXBuildFile; fileRef = D1960D791DAEE37600172893 /* TestTextFieldCell.swift */; };
		D1960D7C1DAEE45900172893 /* TestTextFieldCell.xib in Resources */ = {isa = PBXBuildFile; fileRef = D1960D7B1DAEE45900172893 /* TestTextFieldCell.xib */; };
		D1A1D3E31DAEDDEC00D3340A /* AppDelegate.swift in Sources */ = {isa = PBXBuildFile; fileRef = D1A1D3E21DAEDDEC00D3340A /* AppDelegate.swift */; };
		D1A1D3E51DAEDDEC00D3340A /* ViewController.swift in Sources */ = {isa = PBXBuildFile; fileRef = D1A1D3E41DAEDDEC00D3340A /* ViewController.swift */; };
		D1A1D3E71DAEDDEC00D3340A /* ViewController2.swift in Sources */ = {isa = PBXBuildFile; fileRef = D1A1D3E61DAEDDEC00D3340A /* ViewController2.swift */; };
		D1A1D3EA1DAEDDEC00D3340A /* Main.storyboard in Resources */ = {isa = PBXBuildFile; fileRef = D1A1D3E81DAEDDEC00D3340A /* Main.storyboard */; };
		D1A1D3EC1DAEDDED00D3340A /* Assets.xcassets in Resources */ = {isa = PBXBuildFile; fileRef = D1A1D3EB1DAEDDED00D3340A /* Assets.xcassets */; };
		D1A1D3EF1DAEDDED00D3340A /* LaunchScreen.storyboard in Resources */ = {isa = PBXBuildFile; fileRef = D1A1D3ED1DAEDDED00D3340A /* LaunchScreen.storyboard */; };
		D1A1D3FA1DAEDDED00D3340A /* Example_Project_SwiftTests.swift in Sources */ = {isa = PBXBuildFile; fileRef = D1A1D3F91DAEDDED00D3340A /* Example_Project_SwiftTests.swift */; };
		D1A1D4061DAEDE3800D3340A /* TableViewDataSource.swift in Sources */ = {isa = PBXBuildFile; fileRef = D1A1D4051DAEDE3800D3340A /* TableViewDataSource.swift */; };
/* End PBXBuildFile section */

/* Begin PBXContainerItemProxy section */
		D1A1D3F61DAEDDED00D3340A /* PBXContainerItemProxy */ = {
			isa = PBXContainerItemProxy;
			containerPortal = D1A1D3D71DAEDDEC00D3340A /* Project object */;
			proxyType = 1;
			remoteGlobalIDString = D1A1D3DE1DAEDDEC00D3340A;
			remoteInfo = "Example Project Swift";
		};
/* End PBXContainerItemProxy section */

/* Begin PBXFileReference section */
		D1960D721DAEE00D00172893 /* TestCell.swift */ = {isa = PBXFileReference; fileEncoding = 4; lastKnownFileType = sourcecode.swift; path = TestCell.swift; sourceTree = "<group>"; };
		D1960D751DAEE14B00172893 /* ViewController3.swift */ = {isa = PBXFileReference; fileEncoding = 4; lastKnownFileType = sourcecode.swift; path = ViewController3.swift; sourceTree = "<group>"; };
		D1960D771DAEE15300172893 /* ViewController4.swift */ = {isa = PBXFileReference; fileEncoding = 4; lastKnownFileType = sourcecode.swift; path = ViewController4.swift; sourceTree = "<group>"; };
		D1960D791DAEE37600172893 /* TestTextFieldCell.swift */ = {isa = PBXFileReference; fileEncoding = 4; lastKnownFileType = sourcecode.swift; path = TestTextFieldCell.swift; sourceTree = "<group>"; };
		D1960D7B1DAEE45900172893 /* TestTextFieldCell.xib */ = {isa = PBXFileReference; fileEncoding = 4; lastKnownFileType = file.xib; path = TestTextFieldCell.xib; sourceTree = "<group>"; };
		D1A1D3DF1DAEDDEC00D3340A /* Example Project Swift.app */ = {isa = PBXFileReference; explicitFileType = wrapper.application; includeInIndex = 0; path = "Example Project Swift.app"; sourceTree = BUILT_PRODUCTS_DIR; };
		D1A1D3E21DAEDDEC00D3340A /* AppDelegate.swift */ = {isa = PBXFileReference; lastKnownFileType = sourcecode.swift; path = AppDelegate.swift; sourceTree = "<group>"; };
		D1A1D3E41DAEDDEC00D3340A /* ViewController.swift */ = {isa = PBXFileReference; lastKnownFileType = sourcecode.swift; path = ViewController.swift; sourceTree = "<group>"; };
		D1A1D3E61DAEDDEC00D3340A /* ViewController2.swift */ = {isa = PBXFileReference; lastKnownFileType = sourcecode.swift; path = ViewController2.swift; sourceTree = "<group>"; };
		D1A1D3E91DAEDDEC00D3340A /* Base */ = {isa = PBXFileReference; lastKnownFileType = file.storyboard; name = Base; path = Base.lproj/Main.storyboard; sourceTree = "<group>"; };
		D1A1D3EB1DAEDDED00D3340A /* Assets.xcassets */ = {isa = PBXFileReference; lastKnownFileType = folder.assetcatalog; path = Assets.xcassets; sourceTree = "<group>"; };
		D1A1D3EE1DAEDDED00D3340A /* Base */ = {isa = PBXFileReference; lastKnownFileType = file.storyboard; name = Base; path = Base.lproj/LaunchScreen.storyboard; sourceTree = "<group>"; };
		D1A1D3F01DAEDDED00D3340A /* Info.plist */ = {isa = PBXFileReference; lastKnownFileType = text.plist.xml; path = Info.plist; sourceTree = "<group>"; };
		D1A1D3F51DAEDDED00D3340A /* Example Project SwiftTests.xctest */ = {isa = PBXFileReference; explicitFileType = wrapper.cfbundle; includeInIndex = 0; path = "Example Project SwiftTests.xctest"; sourceTree = BUILT_PRODUCTS_DIR; };
		D1A1D3F91DAEDDED00D3340A /* Example_Project_SwiftTests.swift */ = {isa = PBXFileReference; lastKnownFileType = sourcecode.swift; path = Example_Project_SwiftTests.swift; sourceTree = "<group>"; };
		D1A1D3FB1DAEDDED00D3340A /* Info.plist */ = {isa = PBXFileReference; lastKnownFileType = text.plist.xml; path = Info.plist; sourceTree = "<group>"; };
		D1A1D4051DAEDE3800D3340A /* TableViewDataSource.swift */ = {isa = PBXFileReference; fileEncoding = 4; lastKnownFileType = sourcecode.swift; path = TableViewDataSource.swift; sourceTree = "<group>"; };
/* End PBXFileReference section */

/* Begin PBXFrameworksBuildPhase section */
		D1A1D3DC1DAEDDEC00D3340A /* Frameworks */ = {
			isa = PBXFrameworksBuildPhase;
			buildActionMask = 2147483647;
			files = (
			);
			runOnlyForDeploymentPostprocessing = 0;
		};
		D1A1D3F21DAEDDED00D3340A /* Frameworks */ = {
			isa = PBXFrameworksBuildPhase;
			buildActionMask = 2147483647;
			files = (
			);
			runOnlyForDeploymentPostprocessing = 0;
		};
/* End PBXFrameworksBuildPhase section */

/* Begin PBXGroup section */
		D1960D711DAEE00300172893 /* Cells */ = {
			isa = PBXGroup;
			children = (
				D1960D721DAEE00D00172893 /* TestCell.swift */,
				D1960D791DAEE37600172893 /* TestTextFieldCell.swift */,
				D1960D7B1DAEE45900172893 /* TestTextFieldCell.xib */,
			);
			name = Cells;
			sourceTree = "<group>";
		};
		D1960D741DAEE13000172893 /* Supporting Files */ = {
			isa = PBXGroup;
			children = (
				D1A1D3E21DAEDDEC00D3340A /* AppDelegate.swift */,
				D1A1D3E81DAEDDEC00D3340A /* Main.storyboard */,
				D1A1D3EB1DAEDDED00D3340A /* Assets.xcassets */,
				D1A1D3ED1DAEDDED00D3340A /* LaunchScreen.storyboard */,
				D1A1D3F01DAEDDED00D3340A /* Info.plist */,
			);
			name = "Supporting Files";
			sourceTree = "<group>";
		};
		D1A1D3D61DAEDDEC00D3340A = {
			isa = PBXGroup;
			children = (
				D1A1D3E11DAEDDEC00D3340A /* Example Project Swift */,
				D1A1D3F81DAEDDED00D3340A /* Example Project SwiftTests */,
				D1A1D3E01DAEDDEC00D3340A /* Products */,
			);
			sourceTree = "<group>";
		};
		D1A1D3E01DAEDDEC00D3340A /* Products */ = {
			isa = PBXGroup;
			children = (
				D1A1D3DF1DAEDDEC00D3340A /* Example Project Swift.app */,
				D1A1D3F51DAEDDED00D3340A /* Example Project SwiftTests.xctest */,
			);
			name = Products;
			sourceTree = "<group>";
		};
		D1A1D3E11DAEDDEC00D3340A /* Example Project Swift */ = {
			isa = PBXGroup;
			children = (
				D1960D711DAEE00300172893 /* Cells */,
				D1A1D4041DAEDE2400D3340A /* TableViewDataSource */,
				D1960D741DAEE13000172893 /* Supporting Files */,
				D1A1D3E41DAEDDEC00D3340A /* ViewController.swift */,
				D1A1D3E61DAEDDEC00D3340A /* ViewController2.swift */,
				D1960D751DAEE14B00172893 /* ViewController3.swift */,
				D1960D771DAEE15300172893 /* ViewController4.swift */,
			);
			path = "Example Project Swift";
			sourceTree = "<group>";
		};
		D1A1D3F81DAEDDED00D3340A /* Example Project SwiftTests */ = {
			isa = PBXGroup;
			children = (
				D1A1D3F91DAEDDED00D3340A /* Example_Project_SwiftTests.swift */,
				D1A1D3FB1DAEDDED00D3340A /* Info.plist */,
			);
			path = "Example Project SwiftTests";
			sourceTree = "<group>";
		};
		D1A1D4041DAEDE2400D3340A /* TableViewDataSource */ = {
			isa = PBXGroup;
			children = (
				D1A1D4051DAEDE3800D3340A /* TableViewDataSource.swift */,
			);
			name = TableViewDataSource;
			sourceTree = "<group>";
		};
/* End PBXGroup section */

/* Begin PBXNativeTarget section */
		D1A1D3DE1DAEDDEC00D3340A /* Example Project Swift */ = {
			isa = PBXNativeTarget;
			buildConfigurationList = D1A1D3FE1DAEDDED00D3340A /* Build configuration list for PBXNativeTarget "Example Project Swift" */;
			buildPhases = (
				D1A1D3DB1DAEDDEC00D3340A /* Sources */,
				D1A1D3DC1DAEDDEC00D3340A /* Frameworks */,
				D1A1D3DD1DAEDDEC00D3340A /* Resources */,
			);
			buildRules = (
			);
			dependencies = (
			);
			name = "Example Project Swift";
			productName = "Example Project Swift";
			productReference = D1A1D3DF1DAEDDEC00D3340A /* Example Project Swift.app */;
			productType = "com.apple.product-type.application";
		};
		D1A1D3F41DAEDDED00D3340A /* Example Project SwiftTests */ = {
			isa = PBXNativeTarget;
			buildConfigurationList = D1A1D4011DAEDDED00D3340A /* Build configuration list for PBXNativeTarget "Example Project SwiftTests" */;
			buildPhases = (
				D1A1D3F11DAEDDED00D3340A /* Sources */,
				D1A1D3F21DAEDDED00D3340A /* Frameworks */,
				D1A1D3F31DAEDDED00D3340A /* Resources */,
			);
			buildRules = (
			);
			dependencies = (
				D1A1D3F71DAEDDED00D3340A /* PBXTargetDependency */,
			);
			name = "Example Project SwiftTests";
			productName = "Example Project SwiftTests";
			productReference = D1A1D3F51DAEDDED00D3340A /* Example Project SwiftTests.xctest */;
			productType = "com.apple.product-type.bundle.unit-test";
		};
/* End PBXNativeTarget section */

/* Begin PBXProject section */
		D1A1D3D71DAEDDEC00D3340A /* Project object */ = {
			isa = PBXProject;
			attributes = {
				LastSwiftUpdateCheck = 0800;
				LastUpgradeCheck = 0800;
				ORGANIZATIONNAME = "MFX Studios";
				TargetAttributes = {
					D1A1D3DE1DAEDDEC00D3340A = {
						CreatedOnToolsVersion = 8.0;
						ProvisioningStyle = Automatic;
					};
					D1A1D3F41DAEDDED00D3340A = {
						CreatedOnToolsVersion = 8.0;
						DevelopmentTeam = SHC9383T46;
						ProvisioningStyle = Automatic;
						TestTargetID = D1A1D3DE1DAEDDEC00D3340A;
					};
				};
			};
			buildConfigurationList = D1A1D3DA1DAEDDEC00D3340A /* Build configuration list for PBXProject "Example Project Swift" */;
			compatibilityVersion = "Xcode 3.2";
			developmentRegion = English;
			hasScannedForEncodings = 0;
			knownRegions = (
				en,
				Base,
			);
			mainGroup = D1A1D3D61DAEDDEC00D3340A;
			productRefGroup = D1A1D3E01DAEDDEC00D3340A /* Products */;
			projectDirPath = "";
			projectRoot = "";
			targets = (
				D1A1D3DE1DAEDDEC00D3340A /* Example Project Swift */,
				D1A1D3F41DAEDDED00D3340A /* Example Project SwiftTests */,
			);
		};
/* End PBXProject section */

/* Begin PBXResourcesBuildPhase section */
		D1A1D3DD1DAEDDEC00D3340A /* Resources */ = {
			isa = PBXResourcesBuildPhase;
			buildActionMask = 2147483647;
			files = (
				D1A1D3EF1DAEDDED00D3340A /* LaunchScreen.storyboard in Resources */,
				D1A1D3EC1DAEDDED00D3340A /* Assets.xcassets in Resources */,
				D1A1D3EA1DAEDDEC00D3340A /* Main.storyboard in Resources */,
				D1960D7C1DAEE45900172893 /* TestTextFieldCell.xib in Resources */,
			);
			runOnlyForDeploymentPostprocessing = 0;
		};
		D1A1D3F31DAEDDED00D3340A /* Resources */ = {
			isa = PBXResourcesBuildPhase;
			buildActionMask = 2147483647;
			files = (
			);
			runOnlyForDeploymentPostprocessing = 0;
		};
/* End PBXResourcesBuildPhase section */

/* Begin PBXSourcesBuildPhase section */
		D1A1D3DB1DAEDDEC00D3340A /* Sources */ = {
			isa = PBXSourcesBuildPhase;
			buildActionMask = 2147483647;
			files = (
				D1A1D3E71DAEDDEC00D3340A /* ViewController2.swift in Sources */,
				D1960D781DAEE15300172893 /* ViewController4.swift in Sources */,
				D1A1D3E31DAEDDEC00D3340A /* AppDelegate.swift in Sources */,
				D1960D7A1DAEE37600172893 /* TestTextFieldCell.swift in Sources */,
				D1960D761DAEE14B00172893 /* ViewController3.swift in Sources */,
				D1960D731DAEE00D00172893 /* TestCell.swift in Sources */,
				D1A1D4061DAEDE3800D3340A /* TableViewDataSource.swift in Sources */,
				D1A1D3E51DAEDDEC00D3340A /* ViewController.swift in Sources */,
			);
			runOnlyForDeploymentPostprocessing = 0;
		};
		D1A1D3F11DAEDDED00D3340A /* Sources */ = {
			isa = PBXSourcesBuildPhase;
			buildActionMask = 2147483647;
			files = (
				D1A1D3FA1DAEDDED00D3340A /* Example_Project_SwiftTests.swift in Sources */,
			);
			runOnlyForDeploymentPostprocessing = 0;
		};
/* End PBXSourcesBuildPhase section */

/* Begin PBXTargetDependency section */
		D1A1D3F71DAEDDED00D3340A /* PBXTargetDependency */ = {
			isa = PBXTargetDependency;
			target = D1A1D3DE1DAEDDEC00D3340A /* Example Project Swift */;
			targetProxy = D1A1D3F61DAEDDED00D3340A /* PBXContainerItemProxy */;
		};
/* End PBXTargetDependency section */

/* Begin PBXVariantGroup section */
		D1A1D3E81DAEDDEC00D3340A /* Main.storyboard */ = {
			isa = PBXVariantGroup;
			children = (
				D1A1D3E91DAEDDEC00D3340A /* Base */,
			);
			name = Main.storyboard;
			sourceTree = "<group>";
		};
		D1A1D3ED1DAEDDED00D3340A /* LaunchScreen.storyboard */ = {
			isa = PBXVariantGroup;
			children = (
				D1A1D3EE1DAEDDED00D3340A /* Base */,
			);
			name = LaunchScreen.storyboard;
			sourceTree = "<group>";
		};
/* End PBXVariantGroup section */

/* Begin XCBuildConfiguration section */
		D1A1D3FC1DAEDDED00D3340A /* Debug */ = {
			isa = XCBuildConfiguration;
			buildSettings = {
				ALWAYS_SEARCH_USER_PATHS = NO;
				CLANG_ANALYZER_NONNULL = YES;
				CLANG_CXX_LANGUAGE_STANDARD = "gnu++0x";
				CLANG_CXX_LIBRARY = "libc++";
				CLANG_ENABLE_MODULES = YES;
				CLANG_ENABLE_OBJC_ARC = YES;
				CLANG_WARN_BOOL_CONVERSION = YES;
				CLANG_WARN_CONSTANT_CONVERSION = YES;
				CLANG_WARN_DIRECT_OBJC_ISA_USAGE = YES_ERROR;
				CLANG_WARN_DOCUMENTATION_COMMENTS = YES;
				CLANG_WARN_EMPTY_BODY = YES;
				CLANG_WARN_ENUM_CONVERSION = YES;
				CLANG_WARN_INFINITE_RECURSION = YES;
				CLANG_WARN_INT_CONVERSION = YES;
				CLANG_WARN_OBJC_ROOT_CLASS = YES_ERROR;
				CLANG_WARN_SUSPICIOUS_MOVES = YES;
				CLANG_WARN_UNREACHABLE_CODE = YES;
				CLANG_WARN__DUPLICATE_METHOD_MATCH = YES;
				"CODE_SIGN_IDENTITY[sdk=iphoneos*]" = "iPhone Developer";
				COPY_PHASE_STRIP = NO;
				DEBUG_INFORMATION_FORMAT = dwarf;
				ENABLE_STRICT_OBJC_MSGSEND = YES;
				ENABLE_TESTABILITY = YES;
				GCC_C_LANGUAGE_STANDARD = gnu99;
				GCC_DYNAMIC_NO_PIC = NO;
				GCC_NO_COMMON_BLOCKS = YES;
				GCC_OPTIMIZATION_LEVEL = 0;
				GCC_PREPROCESSOR_DEFINITIONS = (
					"DEBUG=1",
					"$(inherited)",
				);
				GCC_WARN_64_TO_32_BIT_CONVERSION = YES;
				GCC_WARN_ABOUT_RETURN_TYPE = YES_ERROR;
				GCC_WARN_UNDECLARED_SELECTOR = YES;
				GCC_WARN_UNINITIALIZED_AUTOS = YES_AGGRESSIVE;
				GCC_WARN_UNUSED_FUNCTION = YES;
				GCC_WARN_UNUSED_VARIABLE = YES;
				IPHONEOS_DEPLOYMENT_TARGET = 10.0;
				MTL_ENABLE_DEBUG_INFO = YES;
				ONLY_ACTIVE_ARCH = YES;
				SDKROOT = iphoneos;
				SWIFT_ACTIVE_COMPILATION_CONDITIONS = DEBUG;
				SWIFT_OPTIMIZATION_LEVEL = "-Onone";
			};
			name = Debug;
		};
		D1A1D3FD1DAEDDED00D3340A /* Release */ = {
			isa = XCBuildConfiguration;
			buildSettings = {
				ALWAYS_SEARCH_USER_PATHS = NO;
				CLANG_ANALYZER_NONNULL = YES;
				CLANG_CXX_LANGUAGE_STANDARD = "gnu++0x";
				CLANG_CXX_LIBRARY = "libc++";
				CLANG_ENABLE_MODULES = YES;
				CLANG_ENABLE_OBJC_ARC = YES;
				CLANG_WARN_BOOL_CONVERSION = YES;
				CLANG_WARN_CONSTANT_CONVERSION = YES;
				CLANG_WARN_DIRECT_OBJC_ISA_USAGE = YES_ERROR;
				CLANG_WARN_DOCUMENTATION_COMMENTS = YES;
				CLANG_WARN_EMPTY_BODY = YES;
				CLANG_WARN_ENUM_CONVERSION = YES;
				CLANG_WARN_INFINITE_RECURSION = YES;
				CLANG_WARN_INT_CONVERSION = YES;
				CLANG_WARN_OBJC_ROOT_CLASS = YES_ERROR;
				CLANG_WARN_SUSPICIOUS_MOVES = YES;
				CLANG_WARN_UNREACHABLE_CODE = YES;
				CLANG_WARN__DUPLICATE_METHOD_MATCH = YES;
				"CODE_SIGN_IDENTITY[sdk=iphoneos*]" = "iPhone Developer";
				COPY_PHASE_STRIP = NO;
				DEBUG_INFORMATION_FORMAT = "dwarf-with-dsym";
				ENABLE_NS_ASSERTIONS = NO;
				ENABLE_STRICT_OBJC_MSGSEND = YES;
				GCC_C_LANGUAGE_STANDARD = gnu99;
				GCC_NO_COMMON_BLOCKS = YES;
				GCC_WARN_64_TO_32_BIT_CONVERSION = YES;
				GCC_WARN_ABOUT_RETURN_TYPE = YES_ERROR;
				GCC_WARN_UNDECLARED_SELECTOR = YES;
				GCC_WARN_UNINITIALIZED_AUTOS = YES_AGGRESSIVE;
				GCC_WARN_UNUSED_FUNCTION = YES;
				GCC_WARN_UNUSED_VARIABLE = YES;
				IPHONEOS_DEPLOYMENT_TARGET = 10.0;
				MTL_ENABLE_DEBUG_INFO = NO;
				SDKROOT = iphoneos;
				SWIFT_OPTIMIZATION_LEVEL = "-Owholemodule";
				VALIDATE_PRODUCT = YES;
			};
			name = Release;
		};
		D1A1D3FF1DAEDDED00D3340A /* Debug */ = {
			isa = XCBuildConfiguration;
			buildSettings = {
				ASSETCATALOG_COMPILER_APPICON_NAME = AppIcon;
				DEVELOPMENT_TEAM = "";
				INFOPLIST_FILE = "Example Project Swift/Info.plist";
				IPHONEOS_DEPLOYMENT_TARGET = 9.0;
				LD_RUNPATH_SEARCH_PATHS = "$(inherited) @executable_path/Frameworks";
				PRODUCT_BUNDLE_IDENTIFIER = "com.mfxstudios.Example-Project-Swift";
				PRODUCT_NAME = "$(TARGET_NAME)";
				SWIFT_VERSION = 3.0;
			};
			name = Debug;
		};
		D1A1D4001DAEDDED00D3340A /* Release */ = {
			isa = XCBuildConfiguration;
			buildSettings = {
				ASSETCATALOG_COMPILER_APPICON_NAME = AppIcon;
				DEVELOPMENT_TEAM = "";
				INFOPLIST_FILE = "Example Project Swift/Info.plist";
				IPHONEOS_DEPLOYMENT_TARGET = 9.0;
				LD_RUNPATH_SEARCH_PATHS = "$(inherited) @executable_path/Frameworks";
				PRODUCT_BUNDLE_IDENTIFIER = "com.mfxstudios.Example-Project-Swift";
				PRODUCT_NAME = "$(TARGET_NAME)";
				SWIFT_VERSION = 3.0;
			};
			name = Release;
		};
		D1A1D4021DAEDDED00D3340A /* Debug */ = {
			isa = XCBuildConfiguration;
			buildSettings = {
				ALWAYS_EMBED_SWIFT_STANDARD_LIBRARIES = YES;
				BUNDLE_LOADER = "$(TEST_HOST)";
				DEVELOPMENT_TEAM = SHC9383T46;
				INFOPLIST_FILE = "Example Project SwiftTests/Info.plist";
				LD_RUNPATH_SEARCH_PATHS = "$(inherited) @executable_path/Frameworks @loader_path/Frameworks";
				PRODUCT_BUNDLE_IDENTIFIER = "com.mfxstudios.Example-Project-SwiftTests";
				PRODUCT_NAME = "$(TARGET_NAME)";
				SWIFT_VERSION = 3.0;
				TEST_HOST = "$(BUILT_PRODUCTS_DIR)/Example Project Swift.app/Example Project Swift";
			};
			name = Debug;
		};
		D1A1D4031DAEDDED00D3340A /* Release */ = {
			isa = XCBuildConfiguration;
			buildSettings = {
				ALWAYS_EMBED_SWIFT_STANDARD_LIBRARIES = YES;
				BUNDLE_LOADER = "$(TEST_HOST)";
				DEVELOPMENT_TEAM = SHC9383T46;
				INFOPLIST_FILE = "Example Project SwiftTests/Info.plist";
				LD_RUNPATH_SEARCH_PATHS = "$(inherited) @executable_path/Frameworks @loader_path/Frameworks";
				PRODUCT_BUNDLE_IDENTIFIER = "com.mfxstudios.Example-Project-SwiftTests";
				PRODUCT_NAME = "$(TARGET_NAME)";
				SWIFT_VERSION = 3.0;
				TEST_HOST = "$(BUILT_PRODUCTS_DIR)/Example Project Swift.app/Example Project Swift";
			};
			name = Release;
		};
/* End XCBuildConfiguration section */

/* Begin XCConfigurationList section */
		D1A1D3DA1DAEDDEC00D3340A /* Build configuration list for PBXProject "Example Project Swift" */ = {
			isa = XCConfigurationList;
			buildConfigurations = (
				D1A1D3FC1DAEDDED00D3340A /* Debug */,
				D1A1D3FD1DAEDDED00D3340A /* Release */,
			);
			defaultConfigurationIsVisible = 0;
			defaultConfigurationName = Release;
		};
		D1A1D3FE1DAEDDED00D3340A /* Build configuration list for PBXNativeTarget "Example Project Swift" */ = {
			isa = XCConfigurationList;
			buildConfigurations = (
				D1A1D3FF1DAEDDED00D3340A /* Debug */,
				D1A1D4001DAEDDED00D3340A /* Release */,
			);
			defaultConfigurationIsVisible = 0;
			defaultConfigurationName = Release;
		};
		D1A1D4011DAEDDED00D3340A /* Build configuration list for PBXNativeTarget "Example Project SwiftTests" */ = {
			isa = XCConfigurationList;
			buildConfigurations = (
				D1A1D4021DAEDDED00D3340A /* Debug */,
				D1A1D4031DAEDDED00D3340A /* Release */,
			);
			defaultConfigurationIsVisible = 0;
			defaultConfigurationName = Release;
		};
/* End XCConfigurationList section */
	};
	rootObject = D1A1D3D71DAEDDEC00D3340A /* Project object */;
}
